// !$*UTF8*$!
{
	archiveVersion = 1;
	classes = {
	};
	objectVersion = 50;
	objects = {

/* Begin PBXBuildFile section */
		1CC9D4DF247B0E51001A17A6 /* AppDelegate.swift in Sources */ = {isa = PBXBuildFile; fileRef = 1CC9D4DE247B0E51001A17A6 /* AppDelegate.swift */; };
		1CC9D4E1247B0E51001A17A6 /* SceneDelegate.swift in Sources */ = {isa = PBXBuildFile; fileRef = 1CC9D4E0247B0E51001A17A6 /* SceneDelegate.swift */; };
		1CC9D4E3247B0E51001A17A6 /* ViewController.swift in Sources */ = {isa = PBXBuildFile; fileRef = 1CC9D4E2247B0E51001A17A6 /* ViewController.swift */; };
		1CC9D4E6247B0E51001A17A6 /* Main.storyboard in Resources */ = {isa = PBXBuildFile; fileRef = 1CC9D4E4247B0E51001A17A6 /* Main.storyboard */; };
		1CC9D4E8247B0E51001A17A6 /* Assets.xcassets in Resources */ = {isa = PBXBuildFile; fileRef = 1CC9D4E7247B0E51001A17A6 /* Assets.xcassets */; };
		1CC9D4EB247B0E51001A17A6 /* LaunchScreen.storyboard in Resources */ = {isa = PBXBuildFile; fileRef = 1CC9D4E9247B0E51001A17A6 /* LaunchScreen.storyboard */; };
/* End PBXBuildFile section */

/* Begin PBXFileReference section */
		1CC9D4DB247B0E51001A17A6 /* rich_app.app */ = {isa = PBXFileReference; explicitFileType = wrapper.application; includeInIndex = 0; path = rich_app.app; sourceTree = BUILT_PRODUCTS_DIR; };
		1CC9D4DE247B0E51001A17A6 /* AppDelegate.swift */ = {isa = PBXFileReference; lastKnownFileType = sourcecode.swift; path = AppDelegate.swift; sourceTree = "<group>"; };
		1CC9D4E0247B0E51001A17A6 /* SceneDelegate.swift */ = {isa = PBXFileReference; lastKnownFileType = sourcecode.swift; path = SceneDelegate.swift; sourceTree = "<group>"; };
		1CC9D4E2247B0E51001A17A6 /* ViewController.swift */ = {isa = PBXFileReference; lastKnownFileType = sourcecode.swift; path = ViewController.swift; sourceTree = "<group>"; };
		1CC9D4E5247B0E51001A17A6 /* Base */ = {isa = PBXFileReference; lastKnownFileType = file.storyboard; name = Base; path = Base.lproj/Main.storyboard; sourceTree = "<group>"; };
		1CC9D4E7247B0E51001A17A6 /* Assets.xcassets */ = {isa = PBXFileReference; lastKnownFileType = folder.assetcatalog; path = Assets.xcassets; sourceTree = "<group>"; };
		1CC9D4EA247B0E51001A17A6 /* Base */ = {isa = PBXFileReference; lastKnownFileType = file.storyboard; name = Base; path = Base.lproj/LaunchScreen.storyboard; sourceTree = "<group>"; };
		1CC9D4EC247B0E51001A17A6 /* Info.plist */ = {isa = PBXFileReference; lastKnownFileType = text.plist.xml; path = Info.plist; sourceTree = "<group>"; };
/* End PBXFileReference section */

/* Begin PBXFrameworksBuildPhase section */
		1CC9D4D8247B0E51001A17A6 /* Frameworks */ = {
			isa = PBXFrameworksBuildPhase;
			buildActionMask = 2147483647;
			files = (
			);
			runOnlyForDeploymentPostprocessing = 0;
		};
/* End PBXFrameworksBuildPhase section */

/* Begin PBXGroup section */
		1CC9D4D2247B0E51001A17A6 = {
			isa = PBXGroup;
			children = (
				1CC9D4DD247B0E51001A17A6 /* rich_app */,
				1CC9D4DC247B0E51001A17A6 /* Products */,
			);
			sourceTree = "<group>";
		};
		1CC9D4DC247B0E51001A17A6 /* Products */ = {
			isa = PBXGroup;
			children = (
				1CC9D4DB247B0E51001A17A6 /* rich_app.app */,
			);
			name = Products;
			sourceTree = "<group>";
		};
		1CC9D4DD247B0E51001A17A6 /* rich_app */ = {
			isa = PBXGroup;
			children = (
				1CC9D4DE247B0E51001A17A6 /* AppDelegate.swift */,
				1CC9D4E0247B0E51001A17A6 /* SceneDelegate.swift */,
				1CC9D4E2247B0E51001A17A6 /* ViewController.swift */,
				1CC9D4E4247B0E51001A17A6 /* Main.storyboard */,
				1CC9D4E7247B0E51001A17A6 /* Assets.xcassets */,
				1CC9D4E9247B0E51001A17A6 /* LaunchScreen.storyboard */,
				1CC9D4EC247B0E51001A17A6 /* Info.plist */,
			);
			path = rich_app;
			sourceTree = "<group>";
		};
/* End PBXGroup section */

/* Begin PBXNativeTarget section */
		1CC9D4DA247B0E51001A17A6 /* rich_app */ = {
			isa = PBXNativeTarget;
			buildConfigurationList = 1CC9D4EF247B0E51001A17A6 /* Build configuration list for PBXNativeTarget "rich_app" */;
			buildPhases = (
				1CC9D4D7247B0E51001A17A6 /* Sources */,
				1CC9D4D8247B0E51001A17A6 /* Frameworks */,
				1CC9D4D9247B0E51001A17A6 /* Resources */,
			);
			buildRules = (
			);
			dependencies = (
			);
			name = rich_app;
			productName = rich_app;
			productReference = 1CC9D4DB247B0E51001A17A6 /* rich_app.app */;
			productType = "com.apple.product-type.application";
		};
/* End PBXNativeTarget section */

/* Begin PBXProject section */
		1CC9D4D3247B0E51001A17A6 /* Project object */ = {
			isa = PBXProject;
			attributes = {
				LastSwiftUpdateCheck = 1150;
				LastUpgradeCheck = 1150;
				ORGANIZATIONNAME = "Bochao Wang";
				TargetAttributes = {
					1CC9D4DA247B0E51001A17A6 = {
						CreatedOnToolsVersion = 11.5;
					};
				};
			};
			buildConfigurationList = 1CC9D4D6247B0E51001A17A6 /* Build configuration list for PBXProject "rich_app" */;
			compatibilityVersion = "Xcode 9.3";
			developmentRegion = en;
			hasScannedForEncodings = 0;
			knownRegions = (
				en,
				Base,
			);
			mainGroup = 1CC9D4D2247B0E51001A17A6;
			productRefGroup = 1CC9D4DC247B0E51001A17A6 /* Products */;
			projectDirPath = "";
			projectRoot = "";
			targets = (
				1CC9D4DA247B0E51001A17A6 /* rich_app */,
			);
		};
/* End PBXProject section */

/* Begin PBXResourcesBuildPhase section */
		1CC9D4D9247B0E51001A17A6 /* Resources */ = {
			isa = PBXResourcesBuildPhase;
			buildActionMask = 2147483647;
			files = (
				1CC9D4EB247B0E51001A17A6 /* LaunchScreen.storyboard in Resources */,
				1CC9D4E8247B0E51001A17A6 /* Assets.xcassets in Resources */,
				1CC9D4E6247B0E51001A17A6 /* Main.storyboard in Resources */,
			);
			runOnlyForDeploymentPostprocessing = 0;
		};
/* End PBXResourcesBuildPhase section */

/* Begin PBXSourcesBuildPhase section */
		1CC9D4D7247B0E51001A17A6 /* Sources */ = {
			isa = PBXSourcesBuildPhase;
			buildActionMask = 2147483647;
			files = (
				1CC9D4E3247B0E51001A17A6 /* ViewController.swift in Sources */,
				1CC9D4DF247B0E51001A17A6 /* AppDelegate.swift in Sources */,
				1CC9D4E1247B0E51001A17A6 /* SceneDelegate.swift in Sources */,
			);
			runOnlyForDeploymentPostprocessing = 0;
		};
/* End PBXSourcesBuildPhase section */

/* Begin PBXVariantGroup section */
		1CC9D4E4247B0E51001A17A6 /* Main.storyboard */ = {
			isa = PBXVariantGroup;
			children = (
				1CC9D4E5247B0E51001A17A6 /* Base */,
			);
			name = Main.storyboard;
			sourceTree = "<group>";
		};
		1CC9D4E9247B0E51001A17A6 /* LaunchScreen.storyboard */ = {
			isa = PBXVariantGroup;
			children = (
				1CC9D4EA247B0E51001A17A6 /* Base */,
			);
			name = LaunchScreen.storyboard;
			sourceTree = "<group>";
		};
/* End PBXVariantGroup section */

/* Begin XCBuildConfiguration section */
		1CC9D4ED247B0E51001A17A6 /* Debug */ = {
			isa = XCBuildConfiguration;
			buildSettings = {
				ALWAYS_SEARCH_USER_PATHS = NO;
				CLANG_ANALYZER_NONNULL = YES;
				CLANG_ANALYZER_NUMBER_OBJECT_CONVERSION = YES_AGGRESSIVE;
				CLANG_CXX_LANGUAGE_STANDARD = "gnu++14";
				CLANG_CXX_LIBRARY = "libc++";
				CLANG_ENABLE_MODULES = YES;
				CLANG_ENABLE_OBJC_ARC = YES;
				CLANG_ENABLE_OBJC_WEAK = YES;
				CLANG_WARN_BLOCK_CAPTURE_AUTORELEASING = YES;
				CLANG_WARN_BOOL_CONVERSION = YES;
				CLANG_WARN_COMMA = YES;
				CLANG_WARN_CONSTANT_CONVERSION = YES;
				CLANG_WARN_DEPRECATED_OBJC_IMPLEMENTATIONS = YES;
				CLANG_WARN_DIRECT_OBJC_ISA_USAGE = YES_ERROR;
				CLANG_WARN_DOCUMENTATION_COMMENTS = YES;
				CLANG_WARN_EMPTY_BODY = YES;
				CLANG_WARN_ENUM_CONVERSION = YES;
				CLANG_WARN_INFINITE_RECURSION = YES;
				CLANG_WARN_INT_CONVERSION = YES;
				CLANG_WARN_NON_LITERAL_NULL_CONVERSION = YES;
				CLANG_WARN_OBJC_IMPLICIT_RETAIN_SELF = YES;
				CLANG_WARN_OBJC_LITERAL_CONVERSION = YES;
				CLANG_WARN_OBJC_ROOT_CLASS = YES_ERROR;
				CLANG_WARN_RANGE_LOOP_ANALYSIS = YES;
				CLANG_WARN_STRICT_PROTOTYPES = YES;
				CLANG_WARN_SUSPICIOUS_MOVE = YES;
				CLANG_WARN_UNGUARDED_AVAILABILITY = YES_AGGRESSIVE;
				CLANG_WARN_UNREACHABLE_CODE = YES;
				CLANG_WARN__DUPLICATE_METHOD_MATCH = YES;
				COPY_PHASE_STRIP = NO;
				DEBUG_INFORMATION_FORMAT = dwarf;
				ENABLE_STRICT_OBJC_MSGSEND = YES;
				ENABLE_TESTABILITY = YES;
				GCC_C_LANGUAGE_STANDARD = gnu11;
				GCC_DYNAMIC_NO_PIC = NO;
				GCC_NO_COMMON_BLOCKS = YES;
				GCC_OPTIMIZATION_LEVEL = 0;
				GCC_PREPROCESSOR_DEFINITIONS = (
					"DEBUG=1",
					"$(inherited)",
				);
				GCC_WARN_64_TO_32_BIT_CONVERSION = YES;
				GCC_WARN_ABOUT_RETURN_TYPE = YES_ERROR;
				GCC_WARN_UNDECLARED_SELECTOR = YES;
				GCC_WARN_UNINITIALIZED_AUTOS = YES_AGGRESSIVE;
				GCC_WARN_UNUSED_FUNCTION = YES;
				GCC_WARN_UNUSED_VARIABLE = YES;
				IPHONEOS_DEPLOYMENT_TARGET = 13.5;
				MTL_ENABLE_DEBUG_INFO = INCLUDE_SOURCE;
				MTL_FAST_MATH = YES;
				ONLY_ACTIVE_ARCH = YES;
				SDKROOT = iphoneos;
				SWIFT_ACTIVE_COMPILATION_CONDITIONS = DEBUG;
				SWIFT_OPTIMIZATION_LEVEL = "-Onone";
			};
			name = Debug;
		};
		1CC9D4EE247B0E51001A17A6 /* Release */ = {
			isa = XCBuildConfiguration;
			buildSettings = {
				ALWAYS_SEARCH_USER_PATHS = NO;
				CLANG_ANALYZER_NONNULL = YES;
				CLANG_ANALYZER_NUMBER_OBJECT_CONVERSION = YES_AGGRESSIVE;
				CLANG_CXX_LANGUAGE_STANDARD = "gnu++14";
				CLANG_CXX_LIBRARY = "libc++";
				CLANG_ENABLE_MODULES = YES;
				CLANG_ENABLE_OBJC_ARC = YES;
				CLANG_ENABLE_OBJC_WEAK = YES;
				CLANG_WARN_BLOCK_CAPTURE_AUTORELEASING = YES;
				CLANG_WARN_BOOL_CONVERSION = YES;
				CLANG_WARN_COMMA = YES;
				CLANG_WARN_CONSTANT_CONVERSION = YES;
				CLANG_WARN_DEPRECATED_OBJC_IMPLEMENTATIONS = YES;
				CLANG_WARN_DIRECT_OBJC_ISA_USAGE = YES_ERROR;
				CLANG_WARN_DOCUMENTATION_COMMENTS = YES;
				CLANG_WARN_EMPTY_BODY = YES;
				CLANG_WARN_ENUM_CONVERSION = YES;
				CLANG_WARN_INFINITE_RECURSION = YES;
				CLANG_WARN_INT_CONVERSION = YES;
				CLANG_WARN_NON_LITERAL_NULL_CONVERSION = YES;
				CLANG_WARN_OBJC_IMPLICIT_RETAIN_SELF = YES;
				CLANG_WARN_OBJC_LITERAL_CONVERSION = YES;
				CLANG_WARN_OBJC_ROOT_CLASS = YES_ERROR;
				CLANG_WARN_RANGE_LOOP_ANALYSIS = YES;
				CLANG_WARN_STRICT_PROTOTYPES = YES;
				CLANG_WARN_SUSPICIOUS_MOVE = YES;
				CLANG_WARN_UNGUARDED_AVAILABILITY = YES_AGGRESSIVE;
				CLANG_WARN_UNREACHABLE_CODE = YES;
				CLANG_WARN__DUPLICATE_METHOD_MATCH = YES;
				COPY_PHASE_STRIP = NO;
				DEBUG_INFORMATION_FORMAT = "dwarf-with-dsym";
				ENABLE_NS_ASSERTIONS = NO;
				ENABLE_STRICT_OBJC_MSGSEND = YES;
				GCC_C_LANGUAGE_STANDARD = gnu11;
				GCC_NO_COMMON_BLOCKS = YES;
				GCC_WARN_64_TO_32_BIT_CONVERSION = YES;
				GCC_WARN_ABOUT_RETURN_TYPE = YES_ERROR;
				GCC_WARN_UNDECLARED_SELECTOR = YES;
				GCC_WARN_UNINITIALIZED_AUTOS = YES_AGGRESSIVE;
				GCC_WARN_UNUSED_FUNCTION = YES;
				GCC_WARN_UNUSED_VARIABLE = YES;
				IPHONEOS_DEPLOYMENT_TARGET = 13.5;
				MTL_ENABLE_DEBUG_INFO = NO;
				MTL_FAST_MATH = YES;
				SDKROOT = iphoneos;
				SWIFT_COMPILATION_MODE = wholemodule;
				SWIFT_OPTIMIZATION_LEVEL = "-O";
				VALIDATE_PRODUCT = YES;
			};
			name = Release;
		};
		1CC9D4F0247B0E51001A17A6 /* Debug */ = {
			isa = XCBuildConfiguration;
			buildSettings = {
				ASSETCATALOG_COMPILER_APPICON_NAME = AppIcon;
				CODE_SIGN_STYLE = Automatic;
				INFOPLIST_FILE = rich_app/Info.plist;
				LD_RUNPATH_SEARCH_PATHS = (
					"$(inherited)",
					"@executable_path/Frameworks",
				);
				PRODUCT_BUNDLE_IDENTIFIER = "com.bochaowang.rich-app";
				PRODUCT_NAME = "$(TARGET_NAME)";
				SWIFT_VERSION = 5.0;
				TARGETED_DEVICE_FAMILY = "1,2";
			};
			name = Debug;
		};
		1CC9D4F1247B0E51001A17A6 /* Release */ = {
			isa = XCBuildConfiguration;
			buildSettings = {
				ASSETCATALOG_COMPILER_APPICON_NAME = AppIcon;
				CODE_SIGN_STYLE = Automatic;
				INFOPLIST_FILE = rich_app/Info.plist;
				LD_RUNPATH_SEARCH_PATHS = (
					"$(inherited)",
					"@executable_path/Frameworks",
				);
				PRODUCT_BUNDLE_IDENTIFIER = "com.bochaowang.rich-app";
				PRODUCT_NAME = "$(TARGET_NAME)";
				SWIFT_VERSION = 5.0;
				TARGETED_DEVICE_FAMILY = "1,2";
			};
			name = Release;
		};
/* End XCBuildConfiguration section */

/* Begin XCConfigurationList section */
		1CC9D4D6247B0E51001A17A6 /* Build configuration list for PBXProject "rich_app" */ = {
			isa = XCConfigurationList;
			buildConfigurations = (
				1CC9D4ED247B0E51001A17A6 /* Debug */,
				1CC9D4EE247B0E51001A17A6 /* Release */,
			);
			defaultConfigurationIsVisible = 0;
			defaultConfigurationName = Release;
		};
		1CC9D4EF247B0E51001A17A6 /* Build configuration list for PBXNativeTarget "rich_app" */ = {
			isa = XCConfigurationList;
			buildConfigurations = (
				1CC9D4F0247B0E51001A17A6 /* Debug */,
				1CC9D4F1247B0E51001A17A6 /* Release */,
			);
			defaultConfigurationIsVisible = 0;
			defaultConfigurationName = Release;
		};
/* End XCConfigurationList section */
	};
	rootObject = 1CC9D4D3247B0E51001A17A6 /* Project object */;
}
